<?xml version="1.0" encoding="utf-8"?>
<Project ToolsVersion="4.0" xmlns="http://schemas.microsoft.com/developer/msbuild/2003">
  <ItemGroup>
    <Filter Include="源文件">
      <UniqueIdentifier>{4FC737F1-C7A5-4376-A066-2A32D752A2FF}</UniqueIdentifier>
      <Extensions>cpp;c;cc;cxx;def;odl;idl;hpj;bat;asm;asmx</Extensions>
    </Filter>
    <Filter Include="头文件">
      <UniqueIdentifier>{93995380-89BD-4b04-88EB-625FBE52EBFB}</UniqueIdentifier>
      <Extensions>h;hh;hpp;hxx;hm;inl;inc;ipp;xsd</Extensions>
    </Filter>
    <Filter Include="资源文件">
      <UniqueIdentifier>{67DA6AB6-F800-4c08-8B7A-83BB121AAD01}</UniqueIdentifier>
      <Extensions>rc;ico;cur;bmp;dlg;rc2;rct;bin;rgs;gif;jpg;jpeg;jpe;resx;tiff;tif;png;wav;mfcribbon-ms</Extensions>
    </Filter>
    <Filter Include="math">
      <UniqueIdentifier>{fd049c71-16ec-4173-8526-169dfb8d105a}</UniqueIdentifier>
    </Filter>
    <Filter Include="objects">
      <UniqueIdentifier>{4e8a0fc2-5fd4-45f4-9331-6ca2a5384636}</UniqueIdentifier>
    </Filter>
  </ItemGroup>
  <ItemGroup>
    <ClInclude Include="stdafx.h">
      <Filter>头文件</Filter>
    </ClInclude>
    <ClInclude Include="targetver.h">
      <Filter>头文件</Filter>
    </ClInclude>
    <ClInclude Include="Camera.h">
      <Filter>头文件</Filter>
    </ClInclude>
    <ClInclude Include="glCanvas.h">
      <Filter>头文件</Filter>
    </ClInclude>
    <ClInclude Include="Hit.h">
      <Filter>头文件</Filter>
    </ClInclude>
    <ClInclude Include="image.h">
      <Filter>头文件</Filter>
    </ClInclude>
    <ClInclude Include="light.h">
      <Filter>头文件</Filter>
    </ClInclude>
    <ClInclude Include="Material.h">
      <Filter>头文件</Filter>
    </ClInclude>
    <ClInclude Include="OrthographicCamera.h">
      <Filter>头文件</Filter>
    </ClInclude>
    <ClInclude Include="PerspectiveCamera.h">
      <Filter>头文件</Filter>
    </ClInclude>
    <ClInclude Include="PhongMaterial.h">
      <Filter>头文件</Filter>
    </ClInclude>
    <ClInclude Include="Ray.h">
      <Filter>头文件</Filter>
    </ClInclude>
    <ClInclude Include="SceneParser.h">
      <Filter>头文件</Filter>
    </ClInclude>
    <ClInclude Include="Matrix2f.h">
      <Filter>math</Filter>
    </ClInclude>
    <ClInclude Include="Matrix3f.h">
      <Filter>math</Filter>
    </ClInclude>
    <ClInclude Include="vectors.h">
      <Filter>math</Filter>
    </ClInclude>
    <ClInclude Include="matrix.h">
      <Filter>math</Filter>
    </ClInclude>
    <ClInclude Include="Object3D.h">
      <Filter>objects</Filter>
    </ClInclude>
    <ClInclude Include="Plane.h">
      <Filter>objects</Filter>
    </ClInclude>
    <ClInclude Include="Sphere.h">
      <Filter>objects</Filter>
    </ClInclude>
    <ClInclude Include="Transform.h">
      <Filter>objects</Filter>
    </ClInclude>
    <ClInclude Include="Triangle.h">
      <Filter>objects</Filter>
    </ClInclude>
    <ClInclude Include="Group.h">
      <Filter>objects</Filter>
    </ClInclude>
    <ClInclude Include="RayTracer.h">
      <Filter>头文件</Filter>
    </ClInclude>
    <ClInclude Include="rayTree.h">
      <Filter>头文件</Filter>
    </ClInclude>
  </ItemGroup>
  <ItemGroup>
    <ClCompile Include="stdafx.cpp">
      <Filter>源文件</Filter>
    </ClCompile>
    <ClCompile Include="A4.cpp">
      <Filter>源文件</Filter>
    </ClCompile>
    <ClCompile Include="glCanvas.cpp">
      <Filter>源文件</Filter>
    </ClCompile>
    <ClCompile Include="image.cpp">
      <Filter>源文件</Filter>
    </ClCompile>
    <ClCompile Include="light.cpp">
      <Filter>源文件</Filter>
    </ClCompile>
    <ClCompile Include="OrthographicCamera.cpp">
      <Filter>源文件</Filter>
    </ClCompile>
    <ClCompile Include="PerspectiveCamera.cpp">
      <Filter>源文件</Filter>
    </ClCompile>
    <ClCompile Include="PhongMaterial.cpp">
      <Filter>源文件</Filter>
    </ClCompile>
    <ClCompile Include="SceneParser.cpp">
      <Filter>源文件</Filter>
    </ClCompile>
    <ClCompile Include="matrix.cpp">
      <Filter>math</Filter>
    </ClCompile>
    <ClCompile Include="Matrix2f.cpp">
      <Filter>math</Filter>
    </ClCompile>
    <ClCompile Include="Matrix3f.cpp">
      <Filter>math</Filter>
    </ClCompile>
    <ClCompile Include="Group.cpp">
      <Filter>objects</Filter>
    </ClCompile>
    <ClCompile Include="Sphere.cpp">
      <Filter>objects</Filter>
    </ClCompile>
    <ClCompile Include="Transform.cpp">
      <Filter>objects</Filter>
    </ClCompile>
    <ClCompile Include="Triangle.cpp">
      <Filter>objects</Filter>
    </ClCompile>
    <ClCompile Include="Plane.cpp">
      <Filter>objects</Filter>
    </ClCompile>
    <ClCompile Include="RayTracer.cpp">
      <Filter>源文件</Filter>
    </ClCompile>
    <ClCompile Include="rayTree.cpp">
      <Filter>源文件</Filter>
    </ClCompile>
  </ItemGroup>
</Project>