
Microsoft Visual Studio Solution File, Format Version 12.00
# Visual Studio 15
VisualStudioVersion = 15.0.27703.2026
MinimumVisualStudioVersion = 10.0.40219.1
Project("{8BC9CEB8-8B4A-11D0-8D11-00A0C91BC942}") = "A0", "A0\A0.vcxproj", "{A0374AB5-BA5F-4C90-BC19-54B589B7825E}"
EndProject
Project("{8BC9CEB8-8B4A-11D0-8D11-00A0C91BC942}") = "A1", "A1\A1.vcxproj", "{4A7ED9C8-002A-46DD-9F13-385BC205C22D}"
EndProject
Project("{8BC9CEB8-8B4A-11D0-8D11-00A0C91BC942}") = "A2", "A2\A2.vcxproj", "{9FD586E1-CC50-4EB9-8EDA-A5931B42952D}"
EndProject
Project("{8BC9CEB8-8B4A-11D0-8D11-00A0C91BC942}") = "A3", "A3\A3.vcxproj", "{5BBB966B-DA29-4D9A-BCF8-AE188395D61C}"
EndProject
Project("{8BC9CEB8-8B4A-11D0-8D11-00A0C91BC942}") = "A4", "A4\A4.vcxproj", "{D5D6CFD2-BA31-4948-A664-4AF7D10E0C4B}"
EndProject
Project("{8BC9CEB8-8B4A-11D0-8D11-00A0C91BC942}") = "A5", "A5\A5.vcxproj", "{9C720ECF-5452-4967-9C54-2F9D18174C26}"
EndProject
Project("{8BC9CEB8-8B4A-11D0-8D11-00A0C91BC942}") = "A8", "A8\A8.vcxproj", "{9DFF489D-CDBE-41A4-BE2A-E40EC08E3F36}"
EndProject
Project("{8BC9CEB8-8B4A-11D0-8D11-00A0C91BC942}") = "A9", "A9\A9.vcxproj", "{98D0D2C4-D838-4AC7-878B-8058A98DDF3F}"
EndProject
Project("{8BC9CEB8-8B4A-11D0-8D11-00A0C91BC942}") = "A6", "A6\A6.vcxproj", "{86D9FF43-E1B4-4FC0-AF41-84A196E38898}"
EndProject
Global
	GlobalSection(SolutionConfigurationPlatforms) = preSolution
		Debug|x64 = Debug|x64
		Debug|x86 = Debug|x86
		Release|x64 = Release|x64
		Release|x86 = Release|x86
	EndGlobalSection
	GlobalSection(ProjectConfigurationPlatforms) = postSolution
		{A0374AB5-BA5F-4C90-BC19-54B589B7825E}.Debug|x64.ActiveCfg = Debug|x64
		{A0374AB5-BA5F-4C90-BC19-54B589B7825E}.Debug|x64.Build.0 = Debug|x64
		{A0374AB5-BA5F-4C90-BC19-54B589B7825E}.Debug|x86.ActiveCfg = Debug|Win32
		{A0374AB5-BA5F-4C90-BC19-54B589B7825E}.Debug|x86.Build.0 = Debug|Win32
		{A0374AB5-BA5F-4C90-BC19-54B589B7825E}.Release|x64.ActiveCfg = Release|x64
		{A0374AB5-BA5F-4C90-BC19-54B589B7825E}.Release|x64.Build.0 = Release|x64
		{A0374AB5-BA5F-4C90-BC19-54B589B7825E}.Release|x86.ActiveCfg = Release|Win32
		{A0374AB5-BA5F-4C90-BC19-54B589B7825E}.Release|x86.Build.0 = Release|Win32
		{4A7ED9C8-002A-46DD-9F13-385BC205C22D}.Debug|x64.ActiveCfg = Debug|x64
		{4A7ED9C8-002A-46DD-9F13-385BC205C22D}.Debug|x64.Build.0 = Debug|x64
		{4A7ED9C8-002A-46DD-9F13-385BC205C22D}.Debug|x86.ActiveCfg = Debug|Win32
		{4A7ED9C8-002A-46DD-9F13-385BC205C22D}.Debug|x86.Build.0 = Debug|Win32
		{4A7ED9C8-002A-46DD-9F13-385BC205C22D}.Release|x64.ActiveCfg = Release|x64
		{4A7ED9C8-002A-46DD-9F13-385BC205C22D}.Release|x64.Build.0 = Release|x64
		{4A7ED9C8-002A-46DD-9F13-385BC205C22D}.Release|x86.ActiveCfg = Release|Win32
		{4A7ED9C8-002A-46DD-9F13-385BC205C22D}.Release|x86.Build.0 = Release|Win32
		{9FD586E1-CC50-4EB9-8EDA-A5931B42952D}.Debug|x64.ActiveCfg = Debug|x64
		{9FD586E1-CC50-4EB9-8EDA-A5931B42952D}.Debug|x64.Build.0 = Debug|x64
		{9FD586E1-CC50-4EB9-8EDA-A5931B42952D}.Debug|x86.ActiveCfg = Debug|Win32
		{9FD586E1-CC50-4EB9-8EDA-A5931B42952D}.Debug|x86.Build.0 = Debug|Win32
		{9FD586E1-CC50-4EB9-8EDA-A5931B42952D}.Release|x64.ActiveCfg = Release|x64
		{9FD586E1-CC50-4EB9-8EDA-A5931B42952D}.Release|x64.Build.0 = Release|x64
		{9FD586E1-CC50-4EB9-8EDA-A5931B42952D}.Release|x86.ActiveCfg = Release|Win32
		{9FD586E1-CC50-4EB9-8EDA-A5931B42952D}.Release|x86.Build.0 = Release|Win32
		{5BBB966B-DA29-4D9A-BCF8-AE188395D61C}.Debug|x64.ActiveCfg = Debug|x64
		{5BBB966B-DA29-4D9A-BCF8-AE188395D61C}.Debug|x64.Build.0 = Debug|x64
		{5BBB966B-DA29-4D9A-BCF8-AE188395D61C}.Debug|x86.ActiveCfg = Debug|Win32
		{5BBB966B-DA29-4D9A-BCF8-AE188395D61C}.Debug|x86.Build.0 = Debug|Win32
		{5BBB966B-DA29-4D9A-BCF8-AE188395D61C}.Release|x64.ActiveCfg = Release|x64
		{5BBB966B-DA29-4D9A-BCF8-AE188395D61C}.Release|x64.Build.0 = Release|x64
		{5BBB966B-DA29-4D9A-BCF8-AE188395D61C}.Release|x86.ActiveCfg = Release|Win32
		{5BBB966B-DA29-4D9A-BCF8-AE188395D61C}.Release|x86.Build.0 = Release|Win32
		{D5D6CFD2-BA31-4948-A664-4AF7D10E0C4B}.Debug|x64.ActiveCfg = Debug|x64
		{D5D6CFD2-BA31-4948-A664-4AF7D10E0C4B}.Debug|x64.Build.0 = Debug|x64
		{D5D6CFD2-BA31-4948-A664-4AF7D10E0C4B}.Debug|x86.ActiveCfg = Debug|Win32
		{D5D6CFD2-BA31-4948-A664-4AF7D10E0C4B}.Debug|x86.Build.0 = Debug|Win32
		{D5D6CFD2-BA31-4948-A664-4AF7D10E0C4B}.Release|x64.ActiveCfg = Release|x64
		{D5D6CFD2-BA31-4948-A664-4AF7D10E0C4B}.Release|x64.Build.0 = Release|x64
		{D5D6CFD2-BA31-4948-A664-4AF7D10E0C4B}.Release|x86.ActiveCfg = Release|Win32
		{D5D6CFD2-BA31-4948-A664-4AF7D10E0C4B}.Release|x86.Build.0 = Release|Win32
		{9C720ECF-5452-4967-9C54-2F9D18174C26}.Debug|x64.ActiveCfg = Debug|x64
		{9C720ECF-5452-4967-9C54-2F9D18174C26}.Debug|x64.Build.0 = Debug|x64
		{9C720ECF-5452-4967-9C54-2F9D18174C26}.Debug|x86.ActiveCfg = Debug|Win32
		{9C720ECF-5452-4967-9C54-2F9D18174C26}.Debug|x86.Build.0 = Debug|Win32
		{9C720ECF-5452-4967-9C54-2F9D18174C26}.Release|x64.ActiveCfg = Release|x64
		{9C720ECF-5452-4967-9C54-2F9D18174C26}.Release|x64.Build.0 = Release|x64
		{9C720ECF-5452-4967-9C54-2F9D18174C26}.Release|x86.ActiveCfg = Release|Win32
		{9C720ECF-5452-4967-9C54-2F9D18174C26}.Release|x86.Build.0 = Release|Win32
		{9DFF489D-CDBE-41A4-BE2A-E40EC08E3F36}.Debug|x64.ActiveCfg = Debug|x64
		{9DFF489D-CDBE-41A4-BE2A-E40EC08E3F36}.Debug|x64.Build.0 = Debug|x64
		{9DFF489D-CDBE-41A4-BE2A-E40EC08E3F36}.Debug|x86.ActiveCfg = Debug|Win32
		{9DFF489D-CDBE-41A4-BE2A-E40EC08E3F36}.Debug|x86.Build.0 = Debug|Win32
		{9DFF489D-CDBE-41A4-BE2A-E40EC08E3F36}.Release|x64.ActiveCfg = Release|x64
		{9DFF489D-CDBE-41A4-BE2A-E40EC08E3F36}.Release|x64.Build.0 = Release|x64
		{9DFF489D-CDBE-41A4-BE2A-E40EC08E3F36}.Release|x86.ActiveCfg = Release|Win32
		{9DFF489D-CDBE-41A4-BE2A-E40EC08E3F36}.Release|x86.Build.0 = Release|Win32
		{98D0D2C4-D838-4AC7-878B-8058A98DDF3F}.Debug|x64.ActiveCfg = Debug|x64
		{98D0D2C4-D838-4AC7-878B-8058A98DDF3F}.Debug|x64.Build.0 = Debug|x64
		{98D0D2C4-D838-4AC7-878B-8058A98DDF3F}.Debug|x86.ActiveCfg = Debug|Win32
		{98D0D2C4-D838-4AC7-878B-8058A98DDF3F}.Debug|x86.Build.0 = Debug|Win32
		{98D0D2C4-D838-4AC7-878B-8058A98DDF3F}.Release|x64.ActiveCfg = Release|x64
		{98D0D2C4-D838-4AC7-878B-8058A98DDF3F}.Release|x64.Build.0 = Release|x64
		{98D0D2C4-D838-4AC7-878B-8058A98DDF3F}.Release|x86.ActiveCfg = Release|Win32
		{98D0D2C4-D838-4AC7-878B-8058A98DDF3F}.Release|x86.Build.0 = Release|Win32
		{86D9FF43-E1B4-4FC0-AF41-84A196E38898}.Debug|x64.ActiveCfg = Debug|x64
		{86D9FF43-E1B4-4FC0-AF41-84A196E38898}.Debug|x64.Build.0 = Debug|x64
		{86D9FF43-E1B4-4FC0-AF41-84A196E38898}.Debug|x86.ActiveCfg = Debug|Win32
		{86D9FF43-E1B4-4FC0-AF41-84A196E38898}.Debug|x86.Build.0 = Debug|Win32
		{86D9FF43-E1B4-4FC0-AF41-84A196E38898}.Release|x64.ActiveCfg = Release|x64
		{86D9FF43-E1B4-4FC0-AF41-84A196E38898}.Release|x64.Build.0 = Release|x64
		{86D9FF43-E1B4-4FC0-AF41-84A196E38898}.Release|x86.ActiveCfg = Release|Win32
		{86D9FF43-E1B4-4FC0-AF41-84A196E38898}.Release|x86.Build.0 = Release|Win32
	EndGlobalSection
	GlobalSection(SolutionProperties) = preSolution
		HideSolutionNode = FALSE
	EndGlobalSection
	GlobalSection(ExtensibilityGlobals) = postSolution
		SolutionGuid = {83A22119-9D82-4DC1-9DAC-E7E84E1223E8}
	EndGlobalSection
EndGlobal
